
Microsoft Visual Studio Solution File, Format Version 12.00
# Visual Studio 15
VisualStudioVersion = 15.0.28307.168
MinimumVisualStudioVersion = 10.0.40219.1
Project("{FAE04EC0-301F-11D3-BF4B-00C04F79EFBC}") = "EntityFrameworkCoreNoTracking", "EntityFrameworkCoreNoTracking\EntityFrameworkCoreNoTracking.csproj", "{0AA4A8BC-52EA-462F-8993-18C77B90A3C4}"
EndProject
Project("{2150E333-8FDC-42A3-9474-1A3956D46DE8}") = "Solution Items", "Solution Items", "{30FA7DC7-655C-4080-AF45-BECEAA971218}"
	ProjectSection(SolutionItems) = preProject
		docker-compose.yml = docker-compose.yml
	EndProjectSection
EndProject
Global
	GlobalSection(SolutionConfigurationPlatforms) = preSolution
		Debug|Any CPU = Debug|Any CPU
		Release|Any CPU = Release|Any CPU
	EndGlobalSection
	GlobalSection(ProjectConfigurationPlatforms) = postSolution
		{0AA4A8BC-52EA-462F-8993-18C77B90A3C4}.Debug|Any CPU.ActiveCfg = Debug|Any CPU
		{0AA4A8BC-52EA-462F-8993-18C77B90A3C4}.Debug|Any CPU.Build.0 = Debug|Any CPU
		{0AA4A8BC-52EA-462F-8993-18C77B90A3C4}.Release|Any CPU.ActiveCfg = Release|Any CPU
		{0AA4A8BC-52EA-462F-8993-18C77B90A3C4}.Release|Any CPU.Build.0 = Release|Any CPU
	EndGlobalSection
	GlobalSection(SolutionProperties) = preSolution
		HideSolutionNode = FALSE
	EndGlobalSection
	GlobalSection(ExtensibilityGlobals) = postSolution
		SolutionGuid = {DC128DC1-59FA-4D09-9FE4-334DDA7789DE}
	EndGlobalSection
EndGlobal
